
Microsoft Visual Studio Solution File, Format Version 12.00
# Visual Studio 15
VisualStudioVersion = 15.0.28307.271
MinimumVisualStudioVersion = 10.0.40219.1
Project("{FAE04EC0-301F-11D3-BF4B-00C04F79EFBC}") = "Programming Assignment 1", "Programming Assignment 1\Programming Assignment 1.csproj", "{250604FE-2BD7-402F-A66E-DD47A9F00F8E}"
EndProject
Global
	GlobalSection(SolutionConfigurationPlatforms) = preSolution
		Debug|Any CPU = Debug|Any CPU
		Release|Any CPU = Release|Any CPU
	EndGlobalSection
	GlobalSection(ProjectConfigurationPlatforms) = postSolution
		{250604FE-2BD7-402F-A66E-DD47A9F00F8E}.Debug|Any CPU.ActiveCfg = Debug|Any CPU
		{250604FE-2BD7-402F-A66E-DD47A9F00F8E}.Debug|Any CPU.Build.0 = Debug|Any CPU
		{250604FE-2BD7-402F-A66E-DD47A9F00F8E}.Release|Any CPU.ActiveCfg = Release|Any CPU
		{250604FE-2BD7-402F-A66E-DD47A9F00F8E}.Release|Any CPU.Build.0 = Release|Any CPU
	EndGlobalSection
	GlobalSection(SolutionProperties) = preSolution
		HideSolutionNode = FALSE
	EndGlobalSection
	GlobalSection(ExtensibilityGlobals) = postSolution
		SolutionGuid = {D08ED481-1D71-4532-A7BC-601EBB15C243}
	EndGlobalSection
EndGlobal
